
Microsoft Visual Studio Solution File, Format Version 12.00
# Visual Studio 15
Project("{FAE04EC0-301F-11D3-BF4B-00C04F79EFBC}") = "ListMasterApp.Android", "ListMasterApp.Android\ListMasterApp.Android.csproj", "{28887D90-A5DF-466C-9B86-A3479B36D80B}"
EndProject
Project("{FAE04EC0-301F-11D3-BF4B-00C04F79EFBC}") = "ListMasterApp.iOS", "ListMasterApp.iOS\ListMasterApp.iOS.csproj", "{E39FAF22-49B7-4EAE-B204-487F46B24D85}"
EndProject
Project("{FAE04EC0-301F-11D3-BF4B-00C04F79EFBC}") = "ListMasterApp", "ListMasterApp\ListMasterApp.csproj", "{90881956-EF7B-434F-9333-449FB542B1E7}"
EndProject
Global
	GlobalSection(SolutionConfigurationPlatforms) = preSolution
		Debug|Any CPU = Debug|Any CPU
		Release|Any CPU = Release|Any CPU
		Debug|iPhoneSimulator = Debug|iPhoneSimulator
		Release|iPhoneSimulator = Release|iPhoneSimulator
		Debug|iPhone = Debug|iPhone
		Release|iPhone = Release|iPhone
		Ad-Hoc|iPhone = Ad-Hoc|iPhone
		AppStore|iPhone = AppStore|iPhone
	EndGlobalSection
	GlobalSection(ProjectConfigurationPlatforms) = postSolution
		{28887D90-A5DF-466C-9B86-A3479B36D80B}.Debug|Any CPU.ActiveCfg = Debug|Any CPU
		{28887D90-A5DF-466C-9B86-A3479B36D80B}.Debug|Any CPU.Build.0 = Debug|Any CPU
		{28887D90-A5DF-466C-9B86-A3479B36D80B}.Release|Any CPU.ActiveCfg = Release|Any CPU
		{28887D90-A5DF-466C-9B86-A3479B36D80B}.Release|Any CPU.Build.0 = Release|Any CPU
		{28887D90-A5DF-466C-9B86-A3479B36D80B}.Debug|iPhoneSimulator.ActiveCfg = Debug|Any CPU
		{28887D90-A5DF-466C-9B86-A3479B36D80B}.Debug|iPhoneSimulator.Build.0 = Debug|Any CPU
		{28887D90-A5DF-466C-9B86-A3479B36D80B}.Release|iPhoneSimulator.ActiveCfg = Release|Any CPU
		{28887D90-A5DF-466C-9B86-A3479B36D80B}.Release|iPhoneSimulator.Build.0 = Release|Any CPU
		{28887D90-A5DF-466C-9B86-A3479B36D80B}.Debug|iPhone.ActiveCfg = Debug|Any CPU
		{28887D90-A5DF-466C-9B86-A3479B36D80B}.Debug|iPhone.Build.0 = Debug|Any CPU
		{28887D90-A5DF-466C-9B86-A3479B36D80B}.Release|iPhone.ActiveCfg = Release|Any CPU
		{28887D90-A5DF-466C-9B86-A3479B36D80B}.Release|iPhone.Build.0 = Release|Any CPU
		{28887D90-A5DF-466C-9B86-A3479B36D80B}.Ad-Hoc|iPhone.ActiveCfg = Debug|Any CPU
		{28887D90-A5DF-466C-9B86-A3479B36D80B}.Ad-Hoc|iPhone.Build.0 = Debug|Any CPU
		{28887D90-A5DF-466C-9B86-A3479B36D80B}.AppStore|iPhone.ActiveCfg = Debug|Any CPU
		{28887D90-A5DF-466C-9B86-A3479B36D80B}.AppStore|iPhone.Build.0 = Debug|Any CPU
		{E39FAF22-49B7-4EAE-B204-487F46B24D85}.Debug|Any CPU.ActiveCfg = Debug|iPhoneSimulator
		{E39FAF22-49B7-4EAE-B204-487F46B24D85}.Debug|Any CPU.Build.0 = Debug|iPhoneSimulator
		{E39FAF22-49B7-4EAE-B204-487F46B24D85}.Release|Any CPU.ActiveCfg = Release|iPhoneSimulator
		{E39FAF22-49B7-4EAE-B204-487F46B24D85}.Release|Any CPU.Build.0 = Release|iPhoneSimulator
		{E39FAF22-49B7-4EAE-B204-487F46B24D85}.Debug|iPhoneSimulator.ActiveCfg = Debug|iPhoneSimulator
		{E39FAF22-49B7-4EAE-B204-487F46B24D85}.Debug|iPhoneSimulator.Build.0 = Debug|iPhoneSimulator
		{E39FAF22-49B7-4EAE-B204-487F46B24D85}.Release|iPhoneSimulator.ActiveCfg = Release|iPhoneSimulator
		{E39FAF22-49B7-4EAE-B204-487F46B24D85}.Release|iPhoneSimulator.Build.0 = Release|iPhoneSimulator
		{E39FAF22-49B7-4EAE-B204-487F46B24D85}.Debug|iPhone.ActiveCfg = Debug|iPhone
		{E39FAF22-49B7-4EAE-B204-487F46B24D85}.Debug|iPhone.Build.0 = Debug|iPhone
		{E39FAF22-49B7-4EAE-B204-487F46B24D85}.Release|iPhone.ActiveCfg = Release|iPhone
		{E39FAF22-49B7-4EAE-B204-487F46B24D85}.Release|iPhone.Build.0 = Release|iPhone
		{E39FAF22-49B7-4EAE-B204-487F46B24D85}.Ad-Hoc|iPhone.ActiveCfg = Ad-Hoc|iPhone
		{E39FAF22-49B7-4EAE-B204-487F46B24D85}.Ad-Hoc|iPhone.Build.0 = Ad-Hoc|iPhone
		{E39FAF22-49B7-4EAE-B204-487F46B24D85}.AppStore|iPhone.ActiveCfg = AppStore|iPhone
		{E39FAF22-49B7-4EAE-B204-487F46B24D85}.AppStore|iPhone.Build.0 = AppStore|iPhone
		{90881956-EF7B-434F-9333-449FB542B1E7}.Debug|Any CPU.ActiveCfg = Debug|Any CPU
		{90881956-EF7B-434F-9333-449FB542B1E7}.Debug|Any CPU.Build.0 = Debug|Any CPU
		{90881956-EF7B-434F-9333-449FB542B1E7}.Release|Any CPU.ActiveCfg = Release|Any CPU
		{90881956-EF7B-434F-9333-449FB542B1E7}.Release|Any CPU.Build.0 = Release|Any CPU
		{90881956-EF7B-434F-9333-449FB542B1E7}.Debug|iPhoneSimulator.ActiveCfg = Debug|Any CPU
		{90881956-EF7B-434F-9333-449FB542B1E7}.Debug|iPhoneSimulator.Build.0 = Debug|Any CPU
		{90881956-EF7B-434F-9333-449FB542B1E7}.Release|iPhoneSimulator.ActiveCfg = Release|Any CPU
		{90881956-EF7B-434F-9333-449FB542B1E7}.Release|iPhoneSimulator.Build.0 = Release|Any CPU
		{90881956-EF7B-434F-9333-449FB542B1E7}.Debug|iPhone.ActiveCfg = Debug|Any CPU
		{90881956-EF7B-434F-9333-449FB542B1E7}.Debug|iPhone.Build.0 = Debug|Any CPU
		{90881956-EF7B-434F-9333-449FB542B1E7}.Release|iPhone.ActiveCfg = Release|Any CPU
		{90881956-EF7B-434F-9333-449FB542B1E7}.Release|iPhone.Build.0 = Release|Any CPU
		{90881956-EF7B-434F-9333-449FB542B1E7}.Ad-Hoc|iPhone.ActiveCfg = Debug|Any CPU
		{90881956-EF7B-434F-9333-449FB542B1E7}.Ad-Hoc|iPhone.Build.0 = Debug|Any CPU
		{90881956-EF7B-434F-9333-449FB542B1E7}.AppStore|iPhone.ActiveCfg = Debug|Any CPU
		{90881956-EF7B-434F-9333-449FB542B1E7}.AppStore|iPhone.Build.0 = Debug|Any CPU
	EndGlobalSection
EndGlobal
